<?xml version="1.0" encoding="utf-8"?>
<Project ToolsVersion="4.0" xmlns="http://schemas.microsoft.com/developer/msbuild/2003">
  <ItemGroup>
    <Filter Include="Sources">
      <UniqueIdentifier>{4FC737F1-C7A5-4376-A066-2A32D752A2FF}</UniqueIdentifier>
      <Extensions>cpp;c;cc;cxx;def;odl;idl;hpj;bat;asm;asmx</Extensions>
    </Filter>
    <Filter Include="Headers">
      <UniqueIdentifier>{93995380-89BD-4b04-88EB-625FBE52EBFB}</UniqueIdentifier>
      <Extensions>h;hh;hpp;hxx;hm;inl;inc;xsd</Extensions>
    </Filter>
  </ItemGroup>
  <ItemGroup>
    <ClCompile Include="..\src\bddio.c">
      <Filter>Sources</Filter>
    </ClCompile>
    <ClCompile Include="..\src\bddop.c">
      <Filter>Sources</Filter>
    </ClCompile>
    <ClCompile Include="..\src\bddtest.cxx">
      <Filter>Sources</Filter>
    </ClCompile>
    <ClCompile Include="..\src\bvec.c">
      <Filter>Sources</Filter>
    </ClCompile>
    <ClCompile Include="..\src\cache.c">
      <Filter>Sources</Filter>
    </ClCompile>
    <ClCompile Include="..\src\cppext.cxx">
      <Filter>Sources</Filter>
    </ClCompile>
    <ClCompile Include="..\src\fdd.c">
      <Filter>Sources</Filter>
    </ClCompile>
    <ClCompile Include="..\src\imatrix.c">
      <Filter>Sources</Filter>
    </ClCompile>
    <ClCompile Include="..\src\kernel.c">
      <Filter>Sources</Filter>
    </ClCompile>
    <ClCompile Include="..\src\pairs.c">
      <Filter>Sources</Filter>
    </ClCompile>
    <ClCompile Include="..\src\prime.c">
      <Filter>Sources</Filter>
    </ClCompile>
    <ClCompile Include="..\src\reorder.c">
      <Filter>Sources</Filter>
    </ClCompile>
    <ClCompile Include="..\src\tree.c">
      <Filter>Sources</Filter>
    </ClCompile>
  </ItemGroup>
  <ItemGroup>
    <ClInclude Include="..\src\bdd.h">
      <Filter>Headers</Filter>
    </ClInclude>
    <ClInclude Include="..\src\bddtree.h">
      <Filter>Headers</Filter>
    </ClInclude>
    <ClInclude Include="..\src\bvec.h">
      <Filter>Headers</Filter>
    </ClInclude>
    <ClInclude Include="..\src\cache.h">
      <Filter>Headers</Filter>
    </ClInclude>
    <ClInclude Include="..\src\config.h">
      <Filter>Headers</Filter>
    </ClInclude>
    <ClInclude Include="..\src\fdd.h">
      <Filter>Headers</Filter>
    </ClInclude>
    <ClInclude Include="..\src\imatrix.h">
      <Filter>Headers</Filter>
    </ClInclude>
    <ClInclude Include="..\src\kernel.h">
      <Filter>Headers</Filter>
    </ClInclude>
    <ClInclude Include="..\src\prime.h">
      <Filter>Headers</Filter>
    </ClInclude>
  </ItemGroup>
</Project>